[[package]]
name = "adler32"
version = "1.0.3"
source = "registry+https://github.com/rust-lang/crates.io-index"

[[package]]
name = "base64"
version = "0.10.0"
source = "registry+https://github.com/rust-lang/crates.io-index"
dependencies = [
 "byteorder 1.2.7 (registry+https://github.com/rust-lang/crates.io-index)",
]

[[package]]
name = "byteorder"
version = "1.2.7"
source = "registry+https://github.com/rust-lang/crates.io-index"

[[package]]
name = "cfg-if"
version = "0.1.6"
source = "registry+https://github.com/rust-lang/crates.io-index"

[[package]]
name = "crc32fast"
version = "1.1.2"
source = "registry+https://github.com/rust-lang/crates.io-index"
dependencies = [
 "cfg-if 0.1.6 (registry+https://github.com/rust-lang/crates.io-index)",
]

[[package]]
name = "json"
version = "0.11.13"
source = "registry+https://github.com/rust-lang/crates.io-index"

[[package]]
name = "libblueprint"
version = "0.1.0"
dependencies = [
 "base64 0.10.0 (registry+https://github.com/rust-lang/crates.io-index)",
 "json 0.11.13 (registry+https://github.com/rust-lang/crates.io-index)",
 "libflate 0.1.19 (registry+https://github.com/rust-lang/crates.io-index)",
]

[[package]]
name = "libflate"
version = "0.1.19"
source = "registry+https://github.com/rust-lang/crates.io-index"
dependencies = [
 "adler32 1.0.3 (registry+https://github.com/rust-lang/crates.io-index)",
 "byteorder 1.2.7 (registry+https://github.com/rust-lang/crates.io-index)",
 "crc32fast 1.1.2 (registry+https://github.com/rust-lang/crates.io-index)",
]

[metadata]
"checksum adler32 1.0.3 (registry+https://github.com/rust-lang/crates.io-index)" = "7e522997b529f05601e05166c07ed17789691f562762c7f3b987263d2dedee5c"
"checksum base64 0.10.0 (registry+https://github.com/rust-lang/crates.io-index)" = "621fc7ecb8008f86d7fb9b95356cd692ce9514b80a86d85b397f32a22da7b9e2"
"checksum byteorder 1.2.7 (registry+https://github.com/rust-lang/crates.io-index)" = "94f88df23a25417badc922ab0f5716cc1330e87f71ddd9203b3a3ccd9cedf75d"
"checksum cfg-if 0.1.6 (registry+https://github.com/rust-lang/crates.io-index)" = "082bb9b28e00d3c9d39cc03e64ce4cea0f1bb9b3fde493f0cbc008472d22bdf4"
"checksum crc32fast 1.1.2 (registry+https://github.com/rust-lang/crates.io-index)" = "e91d5240c6975ef33aeb5f148f35275c25eda8e8a5f95abe421978b05b8bf192"
"checksum json 0.11.13 (registry+https://github.com/rust-lang/crates.io-index)" = "9ad0485404155f45cce53a40d4b2d6ac356418300daed05273d9e26f91c390be"
"checksum libflate 0.1.19 (registry+https://github.com/rust-lang/crates.io-index)" = "bff3ac7d6f23730d3b533c35ed75eef638167634476a499feef16c428d74b57b"
